# This file was autogenerated by Stack.
# You should not edit this file by hand.
# For more information, please see the documentation at:
#   https://docs.haskellstack.org/en/stable/lock_files

packages:
- completed:
    hackage: spawn-0.3@sha256:b91e01d8f2b076841410ae284b32046f91471943dc799c1af77d666c72101f02,1162
    pantry-tree:
      size: 262
      sha256: 3fa87961ef3166c0093ebae68dea83cf2d7b9e131a2db28687b696f077c6f81a
  original:
    hackage: spawn-0.3
snapshots:
- completed:
    size: 524804
    url: https://raw.githubusercontent.com/commercialhaskell/stackage-snapshots/master/lts/14/16.yaml
    sha256: 4d1519a4372d051d47a5eae2241cf3fb54e113d7475f89707ddb6ec06add2888
  original: lts-14.16
